
Microsoft Visual Studio Solution File, Format Version 12.00
# Visual Studio Version 16
VisualStudioVersion = 16.0.29215.179
MinimumVisualStudioVersion = 10.0.40219.1
Project("{FAE04EC0-301F-11D3-BF4B-00C04F79EFBC}") = "Moded_ComboTools", "Moded_ComboTools\Moded_ComboTools.csproj", "{29045BFA-0317-49AB-8CB8-1E663DA95114}"
EndProject
Global
	GlobalSection(SolutionConfigurationPlatforms) = preSolution
		Debug|Any CPU = Debug|Any CPU
		Release|Any CPU = Release|Any CPU
	EndGlobalSection
	GlobalSection(ProjectConfigurationPlatforms) = postSolution
		{29045BFA-0317-49AB-8CB8-1E663DA95114}.Debug|Any CPU.ActiveCfg = Debug|Any CPU
		{29045BFA-0317-49AB-8CB8-1E663DA95114}.Debug|Any CPU.Build.0 = Debug|Any CPU
		{29045BFA-0317-49AB-8CB8-1E663DA95114}.Release|Any CPU.ActiveCfg = Release|Any CPU
		{29045BFA-0317-49AB-8CB8-1E663DA95114}.Release|Any CPU.Build.0 = Release|Any CPU
	EndGlobalSection
	GlobalSection(SolutionProperties) = preSolution
		HideSolutionNode = FALSE
	EndGlobalSection
	GlobalSection(ExtensibilityGlobals) = postSolution
		SolutionGuid = {DAFFBB81-E424-4DEA-9157-FBD7D978EA45}
	EndGlobalSection
EndGlobal
